PODS:
  - RxCocoa (4.2.0):
    - RxSwift (~> 4.0)
  - RxExpect (1.1.0):
    - RxCocoa (>= 4.0.0)
    - RxSwift (>= 4.0.0)
    - RxTest (>= 4.0.0)
  - RxOptional (3.5.0):
    - RxCocoa (~> 4.0)
    - RxSwift (~> 4.0)
  - RxSwift (4.2.0)
  - RxTest (4.2.0):
    - RxSwift (~> 4.0)
  - RxViewController (0.3.0):
    - RxCocoa (>= 4.0.0)
    - RxSwift (>= 4.0.0)

DEPENDENCIES:
  - RxCocoa (~> 4.0)
  - RxExpect
  - RxOptional (~> 3.5)
  - RxSwift (~> 4.0)
  - RxViewController

SPEC REPOS:
  https://github.com/cocoapods/specs.git:
    - RxCocoa
    - RxExpect
    - RxOptional
    - RxSwift
    - RxTest
    - RxViewController

SPEC CHECKSUMS:
  RxCocoa: 0b54909c902e1e581212a03e690bbd94032d8baa
  RxExpect: 618ecd84f07b644e9fb436e1a0ec39363caa22b2
  RxOptional: bd32ff8ca9df4177683d56ffeb618a9d4d5d5cad
  RxSwift: 99e10317ddfcc7fbe01356aafd118fde4a0be104
  RxTest: 8da864c0ee47534f586ff18fb0c7e5b2f1fe5023
  RxViewController: 203510707e73dd95f147f0c387710e3ec80d2b0f

PODFILE CHECKSUM: 96be1b36934cb4cdbec4334e4dc603c1e475ba4c

COCOAPODS: 1.5.3
