PODS:
  - RxCocoa (4.3.1):
    - RxSwift (~> 4.0)
  - RxExpect (1.1.0):
    - RxCocoa (>= 4.0.0)
    - RxSwift (>= 4.0.0)
    - RxTest (>= 4.0.0)
  - RxOptional (3.5.0):
    - RxCocoa (~> 4.0)
    - RxSwift (~> 4.0)
  - RxSwift (4.3.1)
  - RxTest (4.3.1):
    - RxSwift (~> 4.0)
  - RxViewController (0.3.0):
    - RxCocoa (>= 4.0.0)
    - RxSwift (>= 4.0.0)

DEPENDENCIES:
  - RxCocoa (~> 4.0)
  - RxExpect
  - RxOptional (~> 3.5)
  - RxSwift (~> 4.0)
  - RxViewController

SPEC REPOS:
  https://github.com/cocoapods/specs.git:
    - RxCocoa
    - RxExpect
    - RxOptional
    - RxSwift
    - RxTest
    - RxViewController

SPEC CHECKSUMS:
  RxCocoa: 78763c7b07d02455598d9fc3c1ad091a28b73635
  RxExpect: 618ecd84f07b644e9fb436e1a0ec39363caa22b2
  RxOptional: bd32ff8ca9df4177683d56ffeb618a9d4d5d5cad
  RxSwift: fe0fd770a43acdb7d0a53da411c9b892e69bb6e4
  RxTest: ea97a208826906f3904c0debdd09575ebcbfe216
  RxViewController: 203510707e73dd95f147f0c387710e3ec80d2b0f

PODFILE CHECKSUM: a8581b5d636f81e9b53024315b1d1fd1fae350fd

COCOAPODS: 1.5.3
