// !$*UTF8*$!
{
	archiveVersion = 1;
	classes = {
	};
	objectVersion = 50;
	objects = {

/* Begin PBXBuildFile section */
		60422CB72125C20300D9292A /* UICollectionViewTests.swift in Sources */ = {isa = PBXBuildFile; fileRef = 60422CB62125C20300D9292A /* UICollectionViewTests.swift */; };
		60422CC12125C86900D9292A /* SectionDataType.swift in Sources */ = {isa = PBXBuildFile; fileRef = 60422CC02125C86900D9292A /* SectionDataType.swift */; };
		60422CC42125CA5500D9292A /* SectionDataTypeTests.swift in Sources */ = {isa = PBXBuildFile; fileRef = 60422CC32125CA5500D9292A /* SectionDataTypeTests.swift */; };
		60422CCA2125D50000D9292A /* TestCollectionViewCell.swift in Sources */ = {isa = PBXBuildFile; fileRef = 60422CC82125D50000D9292A /* TestCollectionViewCell.swift */; };
		60422CCB2125D50000D9292A /* TestCollectionViewCell.xib in Resources */ = {isa = PBXBuildFile; fileRef = 60422CC92125D50000D9292A /* TestCollectionViewCell.xib */; };
		60422CD12125D9D400D9292A /* TestReusableCollectionViewCell.swift in Sources */ = {isa = PBXBuildFile; fileRef = 60422CCF2125D9D400D9292A /* TestReusableCollectionViewCell.swift */; };
		60422CD22125D9D400D9292A /* TestReusableCollectionViewCell.xib in Resources */ = {isa = PBXBuildFile; fileRef = 60422CD02125D9D400D9292A /* TestReusableCollectionViewCell.xib */; };
		60422CD42125E89A00D9292A /* UITableViewTests.swift in Sources */ = {isa = PBXBuildFile; fileRef = 60422CD32125E89A00D9292A /* UITableViewTests.swift */; };
		60422CD92125E90A00D9292A /* TestTableViewCell.swift in Sources */ = {isa = PBXBuildFile; fileRef = 60422CD72125E90A00D9292A /* TestTableViewCell.swift */; };
		60422CDA2125E90A00D9292A /* TestTableViewCell.xib in Resources */ = {isa = PBXBuildFile; fileRef = 60422CD82125E90A00D9292A /* TestTableViewCell.xib */; };
		60422CDD2125EA5E00D9292A /* TestTableViewHeaderFooterView.swift in Sources */ = {isa = PBXBuildFile; fileRef = 60422CDC2125EA5E00D9292A /* TestTableViewHeaderFooterView.swift */; };
		60422CDF2125EA6700D9292A /* TestTableViewHeaderFooterView.xib in Resources */ = {isa = PBXBuildFile; fileRef = 60422CDE2125EA6700D9292A /* TestTableViewHeaderFooterView.xib */; };
		6043B4BC216F509C00BD016D /* RxSwift_WithLatestFromAndSelf.swift in Sources */ = {isa = PBXBuildFile; fileRef = 6043B4BB216F509C00BD016D /* RxSwift_WithLatestFromAndSelf.swift */; };
		6043B4BF21704F3C00BD016D /* RxCocoa_WithLatestFromAndSelf.swift in Sources */ = {isa = PBXBuildFile; fileRef = 6043B4BE21704F3C00BD016D /* RxCocoa_WithLatestFromAndSelf.swift */; };
		6043B4C2217053BA00BD016D /* RxSwift_WithLatestFromTests.swift in Sources */ = {isa = PBXBuildFile; fileRef = 6043B4C1217053BA00BD016D /* RxSwift_WithLatestFromTests.swift */; };
		6043B4C42170794C00BD016D /* RxSwift_WithLatestFrom.swift in Sources */ = {isa = PBXBuildFile; fileRef = 6043B4C32170794C00BD016D /* RxSwift_WithLatestFrom.swift */; };
		6043B4C82170815800BD016D /* RxSwift_WithLatestFromAndSelfTests.swift in Sources */ = {isa = PBXBuildFile; fileRef = 6043B4C72170815800BD016D /* RxSwift_WithLatestFromAndSelfTests.swift */; };
		6043B4CB2170829700BD016D /* RxCocoa_WithLatestFromTests.swift in Sources */ = {isa = PBXBuildFile; fileRef = 6043B4CA2170829700BD016D /* RxCocoa_WithLatestFromTests.swift */; };
		6043B4CC2170829D00BD016D /* RxCocoa_WithLatestFrom.swift in Sources */ = {isa = PBXBuildFile; fileRef = 6043B4C521707BBC00BD016D /* RxCocoa_WithLatestFrom.swift */; };
		6043B4CE2170866100BD016D /* RxCocoa_WithLatestFromAndSelfTests.swift in Sources */ = {isa = PBXBuildFile; fileRef = 6043B4CD2170866100BD016D /* RxCocoa_WithLatestFromAndSelfTests.swift */; };
		605AE78821A69E59007D9F6E /* RxCocoa_Binder.swift in Sources */ = {isa = PBXBuildFile; fileRef = 605AE78721A69E59007D9F6E /* RxCocoa_Binder.swift */; };
		9D51BCE16115BA46A8CE054B /* Pods_RxSwiftExtensions.framework in Frameworks */ = {isa = PBXBuildFile; fileRef = 2F85474B07AB3A7EF690DA26 /* Pods_RxSwiftExtensions.framework */; };
		CD20C4B42125087E001702D0 /* KVOTests.swift in Sources */ = {isa = PBXBuildFile; fileRef = CD20C4B32125087E001702D0 /* KVOTests.swift */; };
		CD20C4B821256AC6001702D0 /* UIViewTests.swift in Sources */ = {isa = PBXBuildFile; fileRef = CD20C4B721256AC6001702D0 /* UIViewTests.swift */; };
		CD20C4BB21256DA5001702D0 /* UIScrollViewTests.swift in Sources */ = {isa = PBXBuildFile; fileRef = CD20C4BA21256DA5001702D0 /* UIScrollViewTests.swift */; };
		CD20C4BE21258516001702D0 /* UILabelTests.swift in Sources */ = {isa = PBXBuildFile; fileRef = CD20C4BD21258516001702D0 /* UILabelTests.swift */; };
		CD20C4C121258783001702D0 /* UITextViewTests.swift in Sources */ = {isa = PBXBuildFile; fileRef = CD20C4C021258783001702D0 /* UITextViewTests.swift */; };
		CD389C4A212F9B0400474BA2 /* UIViewControllerTests.swift in Sources */ = {isa = PBXBuildFile; fileRef = CD389C49212F9B0400474BA2 /* UIViewControllerTests.swift */; };
		CD389C4E212F9B4A00474BA2 /* UIViewController.swift in Sources */ = {isa = PBXBuildFile; fileRef = CD389C4D212F9B4A00474BA2 /* UIViewController.swift */; };
		CDB5A7172122DD6A001DB39B /* RxSwiftExtensions.h in Headers */ = {isa = PBXBuildFile; fileRef = CDB5A7152122DD6A001DB39B /* RxSwiftExtensions.h */; settings = {ATTRIBUTES = (Public, ); }; };
		CDB5A7332122DDD4001DB39B /* KVO.swift in Sources */ = {isa = PBXBuildFile; fileRef = CDB5A71F2122DDD4001DB39B /* KVO.swift */; };
		CDB5A7342122DDD4001DB39B /* UIView.swift in Sources */ = {isa = PBXBuildFile; fileRef = CDB5A7232122DDD4001DB39B /* UIView.swift */; };
		CDB5A7352122DDD4001DB39B /* UIScrollView.swift in Sources */ = {isa = PBXBuildFile; fileRef = CDB5A7252122DDD4001DB39B /* UIScrollView.swift */; };
		CDB5A7362122DDD4001DB39B /* UILabel.swift in Sources */ = {isa = PBXBuildFile; fileRef = CDB5A7272122DDD4001DB39B /* UILabel.swift */; };
		CDB5A7372122DDD4001DB39B /* UITextView.swift in Sources */ = {isa = PBXBuildFile; fileRef = CDB5A7292122DDD4001DB39B /* UITextView.swift */; };
		CDB5A7382122DDD4001DB39B /* CollectionViewCellType.swift in Sources */ = {isa = PBXBuildFile; fileRef = CDB5A72B2122DDD4001DB39B /* CollectionViewCellType.swift */; };
		CDB5A7392122DDD4001DB39B /* UICollectionView.swift in Sources */ = {isa = PBXBuildFile; fileRef = CDB5A72C2122DDD4001DB39B /* UICollectionView.swift */; };
		CDB5A73A2122DDD4001DB39B /* UICollectionReusableView.swift in Sources */ = {isa = PBXBuildFile; fileRef = CDB5A72D2122DDD4001DB39B /* UICollectionReusableView.swift */; };
		CDB5A73B2122DDD4001DB39B /* UITableViewHeaderFooterView.swift in Sources */ = {isa = PBXBuildFile; fileRef = CDB5A72F2122DDD4001DB39B /* UITableViewHeaderFooterView.swift */; };
		CDB5A73C2122DDD4001DB39B /* UITableView.swift in Sources */ = {isa = PBXBuildFile; fileRef = CDB5A7302122DDD4001DB39B /* UITableView.swift */; };
		CDB5A73D2122DDD4001DB39B /* UITableViewCell.swift in Sources */ = {isa = PBXBuildFile; fileRef = CDB5A7312122DDD4001DB39B /* UITableViewCell.swift */; };
		CDB5A73E2122DDD4001DB39B /* TableViewCellType.swift in Sources */ = {isa = PBXBuildFile; fileRef = CDB5A7322122DDD4001DB39B /* TableViewCellType.swift */; };
		CDB5A75B21250802001DB39B /* RxSwiftExtensions.framework in Frameworks */ = {isa = PBXBuildFile; fileRef = CDB5A7122122DD6A001DB39B /* RxSwiftExtensions.framework */; };
		F65526B2D7DEAE56937A87F3 /* Pods_RxSwiftExtensionsTests.framework in Frameworks */ = {isa = PBXBuildFile; fileRef = 04F09379E4CFDC9B87E55A40 /* Pods_RxSwiftExtensionsTests.framework */; };
/* End PBXBuildFile section */

/* Begin PBXContainerItemProxy section */
		CDB5A75C21250802001DB39B /* PBXContainerItemProxy */ = {
			isa = PBXContainerItemProxy;
			containerPortal = CDB5A7092122DD6A001DB39B /* Project object */;
			proxyType = 1;
			remoteGlobalIDString = CDB5A7112122DD6A001DB39B;
			remoteInfo = RxSwiftExtensions;
		};
/* End PBXContainerItemProxy section */

/* Begin PBXFileReference section */
		04F09379E4CFDC9B87E55A40 /* Pods_RxSwiftExtensionsTests.framework */ = {isa = PBXFileReference; explicitFileType = wrapper.framework; includeInIndex = 0; path = Pods_RxSwiftExtensionsTests.framework; sourceTree = BUILT_PRODUCTS_DIR; };
		2F85474B07AB3A7EF690DA26 /* Pods_RxSwiftExtensions.framework */ = {isa = PBXFileReference; explicitFileType = wrapper.framework; includeInIndex = 0; path = Pods_RxSwiftExtensions.framework; sourceTree = BUILT_PRODUCTS_DIR; };
		52DEE5AAECDF48D200F246BA /* Pods-RxSwiftExtensions.release.xcconfig */ = {isa = PBXFileReference; includeInIndex = 1; lastKnownFileType = text.xcconfig; name = "Pods-RxSwiftExtensions.release.xcconfig"; path = "Pods/Target Support Files/Pods-RxSwiftExtensions/Pods-RxSwiftExtensions.release.xcconfig"; sourceTree = "<group>"; };
		574C6916EBC97E1CA06977B3 /* Pods-RxSwiftExtensions.debug.xcconfig */ = {isa = PBXFileReference; includeInIndex = 1; lastKnownFileType = text.xcconfig; name = "Pods-RxSwiftExtensions.debug.xcconfig"; path = "Pods/Target Support Files/Pods-RxSwiftExtensions/Pods-RxSwiftExtensions.debug.xcconfig"; sourceTree = "<group>"; };
		60422CB62125C20300D9292A /* UICollectionViewTests.swift */ = {isa = PBXFileReference; lastKnownFileType = sourcecode.swift; path = UICollectionViewTests.swift; sourceTree = "<group>"; };
		60422CC02125C86900D9292A /* SectionDataType.swift */ = {isa = PBXFileReference; lastKnownFileType = sourcecode.swift; path = SectionDataType.swift; sourceTree = "<group>"; };
		60422CC32125CA5500D9292A /* SectionDataTypeTests.swift */ = {isa = PBXFileReference; lastKnownFileType = sourcecode.swift; path = SectionDataTypeTests.swift; sourceTree = "<group>"; };
		60422CC82125D50000D9292A /* TestCollectionViewCell.swift */ = {isa = PBXFileReference; lastKnownFileType = sourcecode.swift; path = TestCollectionViewCell.swift; sourceTree = "<group>"; };
		60422CC92125D50000D9292A /* TestCollectionViewCell.xib */ = {isa = PBXFileReference; lastKnownFileType = file.xib; path = TestCollectionViewCell.xib; sourceTree = "<group>"; };
		60422CCF2125D9D400D9292A /* TestReusableCollectionViewCell.swift */ = {isa = PBXFileReference; lastKnownFileType = sourcecode.swift; path = TestReusableCollectionViewCell.swift; sourceTree = "<group>"; };
		60422CD02125D9D400D9292A /* TestReusableCollectionViewCell.xib */ = {isa = PBXFileReference; lastKnownFileType = file.xib; path = TestReusableCollectionViewCell.xib; sourceTree = "<group>"; };
		60422CD32125E89A00D9292A /* UITableViewTests.swift */ = {isa = PBXFileReference; lastKnownFileType = sourcecode.swift; path = UITableViewTests.swift; sourceTree = "<group>"; };
		60422CD72125E90A00D9292A /* TestTableViewCell.swift */ = {isa = PBXFileReference; lastKnownFileType = sourcecode.swift; path = TestTableViewCell.swift; sourceTree = "<group>"; };
		60422CD82125E90A00D9292A /* TestTableViewCell.xib */ = {isa = PBXFileReference; lastKnownFileType = file.xib; path = TestTableViewCell.xib; sourceTree = "<group>"; };
		60422CDC2125EA5E00D9292A /* TestTableViewHeaderFooterView.swift */ = {isa = PBXFileReference; lastKnownFileType = sourcecode.swift; path = TestTableViewHeaderFooterView.swift; sourceTree = "<group>"; };
		60422CDE2125EA6700D9292A /* TestTableViewHeaderFooterView.xib */ = {isa = PBXFileReference; lastKnownFileType = file.xib; path = TestTableViewHeaderFooterView.xib; sourceTree = "<group>"; };
		6043B4BB216F509C00BD016D /* RxSwift_WithLatestFromAndSelf.swift */ = {isa = PBXFileReference; lastKnownFileType = sourcecode.swift; path = RxSwift_WithLatestFromAndSelf.swift; sourceTree = "<group>"; };
		6043B4BE21704F3C00BD016D /* RxCocoa_WithLatestFromAndSelf.swift */ = {isa = PBXFileReference; lastKnownFileType = sourcecode.swift; path = RxCocoa_WithLatestFromAndSelf.swift; sourceTree = "<group>"; };
		6043B4C1217053BA00BD016D /* RxSwift_WithLatestFromTests.swift */ = {isa = PBXFileReference; lastKnownFileType = sourcecode.swift; path = RxSwift_WithLatestFromTests.swift; sourceTree = "<group>"; };
		6043B4C32170794C00BD016D /* RxSwift_WithLatestFrom.swift */ = {isa = PBXFileReference; lastKnownFileType = sourcecode.swift; path = RxSwift_WithLatestFrom.swift; sourceTree = "<group>"; };
		6043B4C521707BBC00BD016D /* RxCocoa_WithLatestFrom.swift */ = {isa = PBXFileReference; lastKnownFileType = sourcecode.swift; path = RxCocoa_WithLatestFrom.swift; sourceTree = "<group>"; };
		6043B4C72170815800BD016D /* RxSwift_WithLatestFromAndSelfTests.swift */ = {isa = PBXFileReference; lastKnownFileType = sourcecode.swift; path = RxSwift_WithLatestFromAndSelfTests.swift; sourceTree = "<group>"; };
		6043B4CA2170829700BD016D /* RxCocoa_WithLatestFromTests.swift */ = {isa = PBXFileReference; lastKnownFileType = sourcecode.swift; path = RxCocoa_WithLatestFromTests.swift; sourceTree = "<group>"; };
		6043B4CD2170866100BD016D /* RxCocoa_WithLatestFromAndSelfTests.swift */ = {isa = PBXFileReference; lastKnownFileType = sourcecode.swift; path = RxCocoa_WithLatestFromAndSelfTests.swift; sourceTree = "<group>"; };
		605AE78721A69E59007D9F6E /* RxCocoa_Binder.swift */ = {isa = PBXFileReference; lastKnownFileType = sourcecode.swift; path = RxCocoa_Binder.swift; sourceTree = "<group>"; };
		6BBDFAADCB6425CA9D8DE8E4 /* Pods-RxSwiftExtensionsTests.debug.xcconfig */ = {isa = PBXFileReference; includeInIndex = 1; lastKnownFileType = text.xcconfig; name = "Pods-RxSwiftExtensionsTests.debug.xcconfig"; path = "Pods/Target Support Files/Pods-RxSwiftExtensionsTests/Pods-RxSwiftExtensionsTests.debug.xcconfig"; sourceTree = "<group>"; };
		82655B6AA28302F2F360DCF9 /* Pods-RxSwiftExtensionsTests.release.xcconfig */ = {isa = PBXFileReference; includeInIndex = 1; lastKnownFileType = text.xcconfig; name = "Pods-RxSwiftExtensionsTests.release.xcconfig"; path = "Pods/Target Support Files/Pods-RxSwiftExtensionsTests/Pods-RxSwiftExtensionsTests.release.xcconfig"; sourceTree = "<group>"; };
		CD20C4B32125087E001702D0 /* KVOTests.swift */ = {isa = PBXFileReference; lastKnownFileType = sourcecode.swift; path = KVOTests.swift; sourceTree = "<group>"; };
		CD20C4B721256AC6001702D0 /* UIViewTests.swift */ = {isa = PBXFileReference; lastKnownFileType = sourcecode.swift; path = UIViewTests.swift; sourceTree = "<group>"; };
		CD20C4BA21256DA5001702D0 /* UIScrollViewTests.swift */ = {isa = PBXFileReference; lastKnownFileType = sourcecode.swift; path = UIScrollViewTests.swift; sourceTree = "<group>"; };
		CD20C4BD21258516001702D0 /* UILabelTests.swift */ = {isa = PBXFileReference; lastKnownFileType = sourcecode.swift; path = UILabelTests.swift; sourceTree = "<group>"; };
		CD20C4C021258783001702D0 /* UITextViewTests.swift */ = {isa = PBXFileReference; lastKnownFileType = sourcecode.swift; path = UITextViewTests.swift; sourceTree = "<group>"; };
		CD389C49212F9B0400474BA2 /* UIViewControllerTests.swift */ = {isa = PBXFileReference; fileEncoding = 4; lastKnownFileType = sourcecode.swift; path = UIViewControllerTests.swift; sourceTree = "<group>"; };
		CD389C4D212F9B4A00474BA2 /* UIViewController.swift */ = {isa = PBXFileReference; lastKnownFileType = sourcecode.swift; path = UIViewController.swift; sourceTree = "<group>"; };
		CDB5A7122122DD6A001DB39B /* RxSwiftExtensions.framework */ = {isa = PBXFileReference; explicitFileType = wrapper.framework; includeInIndex = 0; path = RxSwiftExtensions.framework; sourceTree = BUILT_PRODUCTS_DIR; };
		CDB5A7152122DD6A001DB39B /* RxSwiftExtensions.h */ = {isa = PBXFileReference; lastKnownFileType = sourcecode.c.h; path = RxSwiftExtensions.h; sourceTree = "<group>"; };
		CDB5A7162122DD6A001DB39B /* Info.plist */ = {isa = PBXFileReference; lastKnownFileType = text.plist.xml; path = Info.plist; sourceTree = "<group>"; };
		CDB5A71F2122DDD4001DB39B /* KVO.swift */ = {isa = PBXFileReference; fileEncoding = 4; lastKnownFileType = sourcecode.swift; path = KVO.swift; sourceTree = "<group>"; };
		CDB5A7232122DDD4001DB39B /* UIView.swift */ = {isa = PBXFileReference; fileEncoding = 4; lastKnownFileType = sourcecode.swift; path = UIView.swift; sourceTree = "<group>"; };
		CDB5A7252122DDD4001DB39B /* UIScrollView.swift */ = {isa = PBXFileReference; fileEncoding = 4; lastKnownFileType = sourcecode.swift; path = UIScrollView.swift; sourceTree = "<group>"; };
		CDB5A7272122DDD4001DB39B /* UILabel.swift */ = {isa = PBXFileReference; fileEncoding = 4; lastKnownFileType = sourcecode.swift; path = UILabel.swift; sourceTree = "<group>"; };
		CDB5A7292122DDD4001DB39B /* UITextView.swift */ = {isa = PBXFileReference; fileEncoding = 4; lastKnownFileType = sourcecode.swift; path = UITextView.swift; sourceTree = "<group>"; };
		CDB5A72B2122DDD4001DB39B /* CollectionViewCellType.swift */ = {isa = PBXFileReference; fileEncoding = 4; lastKnownFileType = sourcecode.swift; path = CollectionViewCellType.swift; sourceTree = "<group>"; };
		CDB5A72C2122DDD4001DB39B /* UICollectionView.swift */ = {isa = PBXFileReference; fileEncoding = 4; lastKnownFileType = sourcecode.swift; path = UICollectionView.swift; sourceTree = "<group>"; };
		CDB5A72D2122DDD4001DB39B /* UICollectionReusableView.swift */ = {isa = PBXFileReference; fileEncoding = 4; lastKnownFileType = sourcecode.swift; path = UICollectionReusableView.swift; sourceTree = "<group>"; };
		CDB5A72F2122DDD4001DB39B /* UITableViewHeaderFooterView.swift */ = {isa = PBXFileReference; fileEncoding = 4; lastKnownFileType = sourcecode.swift; path = UITableViewHeaderFooterView.swift; sourceTree = "<group>"; };
		CDB5A7302122DDD4001DB39B /* UITableView.swift */ = {isa = PBXFileReference; fileEncoding = 4; lastKnownFileType = sourcecode.swift; path = UITableView.swift; sourceTree = "<group>"; };
		CDB5A7312122DDD4001DB39B /* UITableViewCell.swift */ = {isa = PBXFileReference; fileEncoding = 4; lastKnownFileType = sourcecode.swift; path = UITableViewCell.swift; sourceTree = "<group>"; };
		CDB5A7322122DDD4001DB39B /* TableViewCellType.swift */ = {isa = PBXFileReference; fileEncoding = 4; lastKnownFileType = sourcecode.swift; path = TableViewCellType.swift; sourceTree = "<group>"; };
		CDB5A75621250802001DB39B /* RxSwiftExtensionsTests.xctest */ = {isa = PBXFileReference; explicitFileType = wrapper.cfbundle; includeInIndex = 0; path = RxSwiftExtensionsTests.xctest; sourceTree = BUILT_PRODUCTS_DIR; };
		CDB5A75A21250802001DB39B /* Info.plist */ = {isa = PBXFileReference; lastKnownFileType = text.plist.xml; path = Info.plist; sourceTree = "<group>"; };
/* End PBXFileReference section */

/* Begin PBXFrameworksBuildPhase section */
		CDB5A70E2122DD6A001DB39B /* Frameworks */ = {
			isa = PBXFrameworksBuildPhase;
			buildActionMask = 2147483647;
			files = (
				9D51BCE16115BA46A8CE054B /* Pods_RxSwiftExtensions.framework in Frameworks */,
			);
			runOnlyForDeploymentPostprocessing = 0;
		};
		CDB5A75321250802001DB39B /* Frameworks */ = {
			isa = PBXFrameworksBuildPhase;
			buildActionMask = 2147483647;
			files = (
				CDB5A75B21250802001DB39B /* RxSwiftExtensions.framework in Frameworks */,
				F65526B2D7DEAE56937A87F3 /* Pods_RxSwiftExtensionsTests.framework in Frameworks */,
			);
			runOnlyForDeploymentPostprocessing = 0;
		};
/* End PBXFrameworksBuildPhase section */

/* Begin PBXGroup section */
		374C07B007F1FFA01F593FFE /* Frameworks */ = {
			isa = PBXGroup;
			children = (
				2F85474B07AB3A7EF690DA26 /* Pods_RxSwiftExtensions.framework */,
				04F09379E4CFDC9B87E55A40 /* Pods_RxSwiftExtensionsTests.framework */,
			);
			name = Frameworks;
			sourceTree = "<group>";
		};
		60422CB52125C1E700D9292A /* UICollectionView */ = {
			isa = PBXGroup;
			children = (
				60422CCD2125D99600D9292A /* Cells */,
				60422CB62125C20300D9292A /* UICollectionViewTests.swift */,
			);
			path = UICollectionView;
			sourceTree = "<group>";
		};
		60422CBF2125C85700D9292A /* SectionData */ = {
			isa = PBXGroup;
			children = (
				60422CC02125C86900D9292A /* SectionDataType.swift */,
			);
			path = SectionData;
			sourceTree = "<group>";
		};
		60422CC22125CA4800D9292A /* SectionData */ = {
			isa = PBXGroup;
			children = (
				60422CC32125CA5500D9292A /* SectionDataTypeTests.swift */,
			);
			path = SectionData;
			sourceTree = "<group>";
		};
		60422CC72125D4E700D9292A /* TestCollectionViewCell */ = {
			isa = PBXGroup;
			children = (
				60422CC82125D50000D9292A /* TestCollectionViewCell.swift */,
				60422CC92125D50000D9292A /* TestCollectionViewCell.xib */,
			);
			path = TestCollectionViewCell;
			sourceTree = "<group>";
		};
		60422CCC2125D97200D9292A /* UITableView */ = {
			isa = PBXGroup;
			children = (
				60422CD52125E8EC00D9292A /* Cells */,
				60422CD32125E89A00D9292A /* UITableViewTests.swift */,
			);
			path = UITableView;
			sourceTree = "<group>";
		};
		60422CCD2125D99600D9292A /* Cells */ = {
			isa = PBXGroup;
			children = (
				60422CCE2125D9AA00D9292A /* TestReusableCollectionViewCell */,
				60422CC72125D4E700D9292A /* TestCollectionViewCell */,
			);
			path = Cells;
			sourceTree = "<group>";
		};
		60422CCE2125D9AA00D9292A /* TestReusableCollectionViewCell */ = {
			isa = PBXGroup;
			children = (
				60422CCF2125D9D400D9292A /* TestReusableCollectionViewCell.swift */,
				60422CD02125D9D400D9292A /* TestReusableCollectionViewCell.xib */,
			);
			path = TestReusableCollectionViewCell;
			sourceTree = "<group>";
		};
		60422CD52125E8EC00D9292A /* Cells */ = {
			isa = PBXGroup;
			children = (
				60422CDB2125E9D900D9292A /* TestTableViewHeaderFooterView */,
				60422CD62125E8F100D9292A /* TestTableViewCell */,
			);
			path = Cells;
			sourceTree = "<group>";
		};
		60422CD62125E8F100D9292A /* TestTableViewCell */ = {
			isa = PBXGroup;
			children = (
				60422CD72125E90A00D9292A /* TestTableViewCell.swift */,
				60422CD82125E90A00D9292A /* TestTableViewCell.xib */,
			);
			path = TestTableViewCell;
			sourceTree = "<group>";
		};
		60422CDB2125E9D900D9292A /* TestTableViewHeaderFooterView */ = {
			isa = PBXGroup;
			children = (
				60422CDC2125EA5E00D9292A /* TestTableViewHeaderFooterView.swift */,
				60422CDE2125EA6700D9292A /* TestTableViewHeaderFooterView.xib */,
			);
			path = TestTableViewHeaderFooterView;
			sourceTree = "<group>";
		};
		6043B4BA216F506E00BD016D /* RxSwift */ = {
			isa = PBXGroup;
			children = (
				6043B4C32170794C00BD016D /* RxSwift_WithLatestFrom.swift */,
				6043B4BB216F509C00BD016D /* RxSwift_WithLatestFromAndSelf.swift */,
			);
			path = RxSwift;
			sourceTree = "<group>";
		};
		6043B4BD21704F2B00BD016D /* RxCocoa */ = {
			isa = PBXGroup;
			children = (
				6043B4C521707BBC00BD016D /* RxCocoa_WithLatestFrom.swift */,
				6043B4BE21704F3C00BD016D /* RxCocoa_WithLatestFromAndSelf.swift */,
				605AE78721A69E59007D9F6E /* RxCocoa_Binder.swift */,
			);
			path = RxCocoa;
			sourceTree = "<group>";
		};
		6043B4C0217053A600BD016D /* RxSwift */ = {
			isa = PBXGroup;
			children = (
				6043B4C1217053BA00BD016D /* RxSwift_WithLatestFromTests.swift */,
				6043B4C72170815800BD016D /* RxSwift_WithLatestFromAndSelfTests.swift */,
			);
			path = RxSwift;
			sourceTree = "<group>";
		};
		6043B4C92170818100BD016D /* RxCocoa */ = {
			isa = PBXGroup;
			children = (
				6043B4CA2170829700BD016D /* RxCocoa_WithLatestFromTests.swift */,
				6043B4CD2170866100BD016D /* RxCocoa_WithLatestFromAndSelfTests.swift */,
			);
			path = RxCocoa;
			sourceTree = "<group>";
		};
		BB81239F23571EC335CB9DF9 /* Pods */ = {
			isa = PBXGroup;
			children = (
				574C6916EBC97E1CA06977B3 /* Pods-RxSwiftExtensions.debug.xcconfig */,
				52DEE5AAECDF48D200F246BA /* Pods-RxSwiftExtensions.release.xcconfig */,
				6BBDFAADCB6425CA9D8DE8E4 /* Pods-RxSwiftExtensionsTests.debug.xcconfig */,
				82655B6AA28302F2F360DCF9 /* Pods-RxSwiftExtensionsTests.release.xcconfig */,
			);
			name = Pods;
			sourceTree = "<group>";
		};
		CD20C4B121250872001702D0 /* Swift */ = {
			isa = PBXGroup;
			children = (
				60422CC22125CA4800D9292A /* SectionData */,
				CD20C4B221250876001702D0 /* KVO */,
			);
			path = Swift;
			sourceTree = "<group>";
		};
		CD20C4B221250876001702D0 /* KVO */ = {
			isa = PBXGroup;
			children = (
				CD20C4B32125087E001702D0 /* KVOTests.swift */,
			);
			path = KVO;
			sourceTree = "<group>";
		};
		CD20C4B521256AB0001702D0 /* UIKit */ = {
			isa = PBXGroup;
			children = (
				CD20C4B621256ABD001702D0 /* UIView */,
				CD389C48212F9AFA00474BA2 /* UIViewController */,
			);
			path = UIKit;
			sourceTree = "<group>";
		};
		CD20C4B621256ABD001702D0 /* UIView */ = {
			isa = PBXGroup;
			children = (
				CD20C4B721256AC6001702D0 /* UIViewTests.swift */,
				CD20C4B921256D97001702D0 /* UIScrollView */,
				CD20C4BC21257CBB001702D0 /* UILabel */,
				CD20C4BF2125876C001702D0 /* UITextView */,
				60422CB52125C1E700D9292A /* UICollectionView */,
				60422CCC2125D97200D9292A /* UITableView */,
			);
			path = UIView;
			sourceTree = "<group>";
		};
		CD20C4B921256D97001702D0 /* UIScrollView */ = {
			isa = PBXGroup;
			children = (
				CD20C4BA21256DA5001702D0 /* UIScrollViewTests.swift */,
			);
			path = UIScrollView;
			sourceTree = "<group>";
		};
		CD20C4BC21257CBB001702D0 /* UILabel */ = {
			isa = PBXGroup;
			children = (
				CD20C4BD21258516001702D0 /* UILabelTests.swift */,
			);
			path = UILabel;
			sourceTree = "<group>";
		};
		CD20C4BF2125876C001702D0 /* UITextView */ = {
			isa = PBXGroup;
			children = (
				CD20C4C021258783001702D0 /* UITextViewTests.swift */,
			);
			path = UITextView;
			sourceTree = "<group>";
		};
		CD389C48212F9AFA00474BA2 /* UIViewController */ = {
			isa = PBXGroup;
			children = (
				CD389C49212F9B0400474BA2 /* UIViewControllerTests.swift */,
			);
			path = UIViewController;
			sourceTree = "<group>";
		};
		CD389C4C212F9B4000474BA2 /* UIViewController */ = {
			isa = PBXGroup;
			children = (
				CD389C4D212F9B4A00474BA2 /* UIViewController.swift */,
			);
			path = UIViewController;
			sourceTree = "<group>";
		};
		CDB5A7082122DD6A001DB39B = {
			isa = PBXGroup;
			children = (
				CDB5A7142122DD6A001DB39B /* RxSwiftExtensions */,
				CDB5A75721250802001DB39B /* RxSwiftExtensionsTests */,
				CDB5A7132122DD6A001DB39B /* Products */,
				BB81239F23571EC335CB9DF9 /* Pods */,
				374C07B007F1FFA01F593FFE /* Frameworks */,
			);
			sourceTree = "<group>";
		};
		CDB5A7132122DD6A001DB39B /* Products */ = {
			isa = PBXGroup;
			children = (
				CDB5A7122122DD6A001DB39B /* RxSwiftExtensions.framework */,
				CDB5A75621250802001DB39B /* RxSwiftExtensionsTests.xctest */,
			);
			name = Products;
			sourceTree = "<group>";
		};
		CDB5A7142122DD6A001DB39B /* RxSwiftExtensions */ = {
			isa = PBXGroup;
			children = (
				CDB5A7152122DD6A001DB39B /* RxSwiftExtensions.h */,
				CDB5A7162122DD6A001DB39B /* Info.plist */,
				CDB5A71D2122DDD4001DB39B /* Swift */,
				CDB5A7212122DDD4001DB39B /* UIKit */,
				6043B4BA216F506E00BD016D /* RxSwift */,
				6043B4BD21704F2B00BD016D /* RxCocoa */,
			);
			path = RxSwiftExtensions;
			sourceTree = "<group>";
		};
		CDB5A71D2122DDD4001DB39B /* Swift */ = {
			isa = PBXGroup;
			children = (
				60422CBF2125C85700D9292A /* SectionData */,
				CDB5A71E2122DDD4001DB39B /* KVO */,
			);
			path = Swift;
			sourceTree = "<group>";
		};
		CDB5A71E2122DDD4001DB39B /* KVO */ = {
			isa = PBXGroup;
			children = (
				CDB5A71F2122DDD4001DB39B /* KVO.swift */,
			);
			path = KVO;
			sourceTree = "<group>";
		};
		CDB5A7212122DDD4001DB39B /* UIKit */ = {
			isa = PBXGroup;
			children = (
				CDB5A7222122DDD4001DB39B /* UIView */,
				CD389C4C212F9B4000474BA2 /* UIViewController */,
			);
			path = UIKit;
			sourceTree = "<group>";
		};
		CDB5A7222122DDD4001DB39B /* UIView */ = {
			isa = PBXGroup;
			children = (
				CDB5A7232122DDD4001DB39B /* UIView.swift */,
				CDB5A7242122DDD4001DB39B /* UIScrollView */,
				CDB5A7262122DDD4001DB39B /* UILabel */,
				CDB5A7282122DDD4001DB39B /* UITextView */,
				CDB5A72A2122DDD4001DB39B /* UICollectionView */,
				CDB5A72E2122DDD4001DB39B /* UITableView */,
			);
			path = UIView;
			sourceTree = "<group>";
		};
		CDB5A7242122DDD4001DB39B /* UIScrollView */ = {
			isa = PBXGroup;
			children = (
				CDB5A7252122DDD4001DB39B /* UIScrollView.swift */,
			);
			path = UIScrollView;
			sourceTree = "<group>";
		};
		CDB5A7262122DDD4001DB39B /* UILabel */ = {
			isa = PBXGroup;
			children = (
				CDB5A7272122DDD4001DB39B /* UILabel.swift */,
			);
			path = UILabel;
			sourceTree = "<group>";
		};
		CDB5A7282122DDD4001DB39B /* UITextView */ = {
			isa = PBXGroup;
			children = (
				CDB5A7292122DDD4001DB39B /* UITextView.swift */,
			);
			path = UITextView;
			sourceTree = "<group>";
		};
		CDB5A72A2122DDD4001DB39B /* UICollectionView */ = {
			isa = PBXGroup;
			children = (
				CDB5A72B2122DDD4001DB39B /* CollectionViewCellType.swift */,
				CDB5A72C2122DDD4001DB39B /* UICollectionView.swift */,
				CDB5A72D2122DDD4001DB39B /* UICollectionReusableView.swift */,
			);
			path = UICollectionView;
			sourceTree = "<group>";
		};
		CDB5A72E2122DDD4001DB39B /* UITableView */ = {
			isa = PBXGroup;
			children = (
				CDB5A7322122DDD4001DB39B /* TableViewCellType.swift */,
				CDB5A72F2122DDD4001DB39B /* UITableViewHeaderFooterView.swift */,
				CDB5A7302122DDD4001DB39B /* UITableView.swift */,
				CDB5A7312122DDD4001DB39B /* UITableViewCell.swift */,
			);
			path = UITableView;
			sourceTree = "<group>";
		};
		CDB5A75721250802001DB39B /* RxSwiftExtensionsTests */ = {
			isa = PBXGroup;
			children = (
				CDB5A75A21250802001DB39B /* Info.plist */,
				CD20C4B121250872001702D0 /* Swift */,
				CD20C4B521256AB0001702D0 /* UIKit */,
				6043B4C0217053A600BD016D /* RxSwift */,
				6043B4C92170818100BD016D /* RxCocoa */,
			);
			path = RxSwiftExtensionsTests;
			sourceTree = "<group>";
		};
/* End PBXGroup section */

/* Begin PBXHeadersBuildPhase section */
		CDB5A70F2122DD6A001DB39B /* Headers */ = {
			isa = PBXHeadersBuildPhase;
			buildActionMask = 2147483647;
			files = (
				CDB5A7172122DD6A001DB39B /* RxSwiftExtensions.h in Headers */,
			);
			runOnlyForDeploymentPostprocessing = 0;
		};
/* End PBXHeadersBuildPhase section */

/* Begin PBXNativeTarget section */
		CDB5A7112122DD6A001DB39B /* RxSwiftExtensions */ = {
			isa = PBXNativeTarget;
			buildConfigurationList = CDB5A71A2122DD6A001DB39B /* Build configuration list for PBXNativeTarget "RxSwiftExtensions" */;
			buildPhases = (
				71414AECE6B2AB14D31998A8 /* [CP] Check Pods Manifest.lock */,
				CDB5A70D2122DD6A001DB39B /* Sources */,
				CDB5A70E2122DD6A001DB39B /* Frameworks */,
				CDB5A70F2122DD6A001DB39B /* Headers */,
				CDB5A7102122DD6A001DB39B /* Resources */,
			);
			buildRules = (
			);
			dependencies = (
			);
			name = RxSwiftExtensions;
			productName = RxSwiftExtensions;
			productReference = CDB5A7122122DD6A001DB39B /* RxSwiftExtensions.framework */;
			productType = "com.apple.product-type.framework";
		};
		CDB5A75521250802001DB39B /* RxSwiftExtensionsTests */ = {
			isa = PBXNativeTarget;
			buildConfigurationList = CDB5A75E21250802001DB39B /* Build configuration list for PBXNativeTarget "RxSwiftExtensionsTests" */;
			buildPhases = (
				B398CE652C92BA9BDCFA2299 /* [CP] Check Pods Manifest.lock */,
				CDB5A75221250802001DB39B /* Sources */,
				CDB5A75321250802001DB39B /* Frameworks */,
				CDB5A75421250802001DB39B /* Resources */,
				2F5F3D72D46A346CEB0656D3 /* [CP] Embed Pods Frameworks */,
			);
			buildRules = (
			);
			dependencies = (
				CDB5A75D21250802001DB39B /* PBXTargetDependency */,
			);
			name = RxSwiftExtensionsTests;
			productName = RxSwiftExtensionsTests;
			productReference = CDB5A75621250802001DB39B /* RxSwiftExtensionsTests.xctest */;
			productType = "com.apple.product-type.bundle.unit-test";
		};
/* End PBXNativeTarget section */

/* Begin PBXProject section */
		CDB5A7092122DD6A001DB39B /* Project object */ = {
			isa = PBXProject;
			attributes = {
				LastSwiftUpdateCheck = 0940;
				LastUpgradeCheck = 0940;
				ORGANIZATIONNAME = tokijh;
				TargetAttributes = {
					CDB5A7112122DD6A001DB39B = {
						CreatedOnToolsVersion = 9.4.1;
					};
					CDB5A75521250802001DB39B = {
						CreatedOnToolsVersion = 9.4.1;
					};
				};
			};
			buildConfigurationList = CDB5A70C2122DD6A001DB39B /* Build configuration list for PBXProject "RxSwiftExtensions" */;
			compatibilityVersion = "Xcode 9.3";
			developmentRegion = en;
			hasScannedForEncodings = 0;
			knownRegions = (
				en,
			);
			mainGroup = CDB5A7082122DD6A001DB39B;
			productRefGroup = CDB5A7132122DD6A001DB39B /* Products */;
			projectDirPath = "";
			projectRoot = "";
			targets = (
				CDB5A7112122DD6A001DB39B /* RxSwiftExtensions */,
				CDB5A75521250802001DB39B /* RxSwiftExtensionsTests */,
			);
		};
/* End PBXProject section */

/* Begin PBXResourcesBuildPhase section */
		CDB5A7102122DD6A001DB39B /* Resources */ = {
			isa = PBXResourcesBuildPhase;
			buildActionMask = 2147483647;
			files = (
			);
			runOnlyForDeploymentPostprocessing = 0;
		};
		CDB5A75421250802001DB39B /* Resources */ = {
			isa = PBXResourcesBuildPhase;
			buildActionMask = 2147483647;
			files = (
				60422CDF2125EA6700D9292A /* TestTableViewHeaderFooterView.xib in Resources */,
				60422CDA2125E90A00D9292A /* TestTableViewCell.xib in Resources */,
				60422CCB2125D50000D9292A /* TestCollectionViewCell.xib in Resources */,
				60422CD22125D9D400D9292A /* TestReusableCollectionViewCell.xib in Resources */,
			);
			runOnlyForDeploymentPostprocessing = 0;
		};
/* End PBXResourcesBuildPhase section */

/* Begin PBXShellScriptBuildPhase section */
		2F5F3D72D46A346CEB0656D3 /* [CP] Embed Pods Frameworks */ = {
			isa = PBXShellScriptBuildPhase;
			buildActionMask = 2147483647;
			files = (
			);
			inputPaths = (
				"${SRCROOT}/Pods/Target Support Files/Pods-RxSwiftExtensionsTests/Pods-RxSwiftExtensionsTests-frameworks.sh",
				"${BUILT_PRODUCTS_DIR}/RxCocoa/RxCocoa.framework",
				"${BUILT_PRODUCTS_DIR}/RxOptional/RxOptional.framework",
				"${BUILT_PRODUCTS_DIR}/RxSwift/RxSwift.framework",
				"${BUILT_PRODUCTS_DIR}/RxViewController/RxViewController.framework",
				"${BUILT_PRODUCTS_DIR}/RxExpect/RxExpect.framework",
				"${BUILT_PRODUCTS_DIR}/RxTest/RxTest.framework",
			);
			name = "[CP] Embed Pods Frameworks";
			outputPaths = (
				"${TARGET_BUILD_DIR}/${FRAMEWORKS_FOLDER_PATH}/RxCocoa.framework",
				"${TARGET_BUILD_DIR}/${FRAMEWORKS_FOLDER_PATH}/RxOptional.framework",
				"${TARGET_BUILD_DIR}/${FRAMEWORKS_FOLDER_PATH}/RxSwift.framework",
				"${TARGET_BUILD_DIR}/${FRAMEWORKS_FOLDER_PATH}/RxViewController.framework",
				"${TARGET_BUILD_DIR}/${FRAMEWORKS_FOLDER_PATH}/RxExpect.framework",
				"${TARGET_BUILD_DIR}/${FRAMEWORKS_FOLDER_PATH}/RxTest.framework",
			);
			runOnlyForDeploymentPostprocessing = 0;
			shellPath = /bin/sh;
			shellScript = "\"${SRCROOT}/Pods/Target Support Files/Pods-RxSwiftExtensionsTests/Pods-RxSwiftExtensionsTests-frameworks.sh\"\n";
			showEnvVarsInLog = 0;
		};
		71414AECE6B2AB14D31998A8 /* [CP] Check Pods Manifest.lock */ = {
			isa = PBXShellScriptBuildPhase;
			buildActionMask = 2147483647;
			files = (
			);
			inputPaths = (
				"${PODS_PODFILE_DIR_PATH}/Podfile.lock",
				"${PODS_ROOT}/Manifest.lock",
			);
			name = "[CP] Check Pods Manifest.lock";
			outputPaths = (
				"$(DERIVED_FILE_DIR)/Pods-RxSwiftExtensions-checkManifestLockResult.txt",
			);
			runOnlyForDeploymentPostprocessing = 0;
			shellPath = /bin/sh;
			shellScript = "diff \"${PODS_PODFILE_DIR_PATH}/Podfile.lock\" \"${PODS_ROOT}/Manifest.lock\" > /dev/null\nif [ $? != 0 ] ; then\n    # print error to STDERR\n    echo \"error: The sandbox is not in sync with the Podfile.lock. Run 'pod install' or update your CocoaPods installation.\" >&2\n    exit 1\nfi\n# This output is used by Xcode 'outputs' to avoid re-running this script phase.\necho \"SUCCESS\" > \"${SCRIPT_OUTPUT_FILE_0}\"\n";
			showEnvVarsInLog = 0;
		};
		B398CE652C92BA9BDCFA2299 /* [CP] Check Pods Manifest.lock */ = {
			isa = PBXShellScriptBuildPhase;
			buildActionMask = 2147483647;
			files = (
			);
			inputPaths = (
				"${PODS_PODFILE_DIR_PATH}/Podfile.lock",
				"${PODS_ROOT}/Manifest.lock",
			);
			name = "[CP] Check Pods Manifest.lock";
			outputPaths = (
				"$(DERIVED_FILE_DIR)/Pods-RxSwiftExtensionsTests-checkManifestLockResult.txt",
			);
			runOnlyForDeploymentPostprocessing = 0;
			shellPath = /bin/sh;
			shellScript = "diff \"${PODS_PODFILE_DIR_PATH}/Podfile.lock\" \"${PODS_ROOT}/Manifest.lock\" > /dev/null\nif [ $? != 0 ] ; then\n    # print error to STDERR\n    echo \"error: The sandbox is not in sync with the Podfile.lock. Run 'pod install' or update your CocoaPods installation.\" >&2\n    exit 1\nfi\n# This output is used by Xcode 'outputs' to avoid re-running this script phase.\necho \"SUCCESS\" > \"${SCRIPT_OUTPUT_FILE_0}\"\n";
			showEnvVarsInLog = 0;
		};
/* End PBXShellScriptBuildPhase section */

/* Begin PBXSourcesBuildPhase section */
		CDB5A70D2122DD6A001DB39B /* Sources */ = {
			isa = PBXSourcesBuildPhase;
			buildActionMask = 2147483647;
			files = (
				CD389C4E212F9B4A00474BA2 /* UIViewController.swift in Sources */,
				CDB5A7352122DDD4001DB39B /* UIScrollView.swift in Sources */,
				6043B4C42170794C00BD016D /* RxSwift_WithLatestFrom.swift in Sources */,
				CDB5A73B2122DDD4001DB39B /* UITableViewHeaderFooterView.swift in Sources */,
				CDB5A73A2122DDD4001DB39B /* UICollectionReusableView.swift in Sources */,
				CDB5A7342122DDD4001DB39B /* UIView.swift in Sources */,
				6043B4CC2170829D00BD016D /* RxCocoa_WithLatestFrom.swift in Sources */,
				CDB5A7392122DDD4001DB39B /* UICollectionView.swift in Sources */,
				CDB5A73D2122DDD4001DB39B /* UITableViewCell.swift in Sources */,
				60422CC12125C86900D9292A /* SectionDataType.swift in Sources */,
				6043B4BC216F509C00BD016D /* RxSwift_WithLatestFromAndSelf.swift in Sources */,
				CDB5A7372122DDD4001DB39B /* UITextView.swift in Sources */,
				CDB5A73E2122DDD4001DB39B /* TableViewCellType.swift in Sources */,
				CDB5A7362122DDD4001DB39B /* UILabel.swift in Sources */,
				6043B4BF21704F3C00BD016D /* RxCocoa_WithLatestFromAndSelf.swift in Sources */,
				CDB5A73C2122DDD4001DB39B /* UITableView.swift in Sources */,
				CDB5A7382122DDD4001DB39B /* CollectionViewCellType.swift in Sources */,
				CDB5A7332122DDD4001DB39B /* KVO.swift in Sources */,
				605AE78821A69E59007D9F6E /* RxCocoa_Binder.swift in Sources */,
			);
			runOnlyForDeploymentPostprocessing = 0;
		};
		CDB5A75221250802001DB39B /* Sources */ = {
			isa = PBXSourcesBuildPhase;
			buildActionMask = 2147483647;
			files = (
				60422CC42125CA5500D9292A /* SectionDataTypeTests.swift in Sources */,
				CD20C4B42125087E001702D0 /* KVOTests.swift in Sources */,
				6043B4C2217053BA00BD016D /* RxSwift_WithLatestFromTests.swift in Sources */,
				CD389C4A212F9B0400474BA2 /* UIViewControllerTests.swift in Sources */,
				60422CCA2125D50000D9292A /* TestCollectionViewCell.swift in Sources */,
				60422CD12125D9D400D9292A /* TestReusableCollectionViewCell.swift in Sources */,
				60422CDD2125EA5E00D9292A /* TestTableViewHeaderFooterView.swift in Sources */,
				6043B4CE2170866100BD016D /* RxCocoa_WithLatestFromAndSelfTests.swift in Sources */,
				CD20C4BE21258516001702D0 /* UILabelTests.swift in Sources */,
				6043B4C82170815800BD016D /* RxSwift_WithLatestFromAndSelfTests.swift in Sources */,
				60422CB72125C20300D9292A /* UICollectionViewTests.swift in Sources */,
				CD20C4BB21256DA5001702D0 /* UIScrollViewTests.swift in Sources */,
				60422CD42125E89A00D9292A /* UITableViewTests.swift in Sources */,
				CD20C4C121258783001702D0 /* UITextViewTests.swift in Sources */,
				CD20C4B821256AC6001702D0 /* UIViewTests.swift in Sources */,
				6043B4CB2170829700BD016D /* RxCocoa_WithLatestFromTests.swift in Sources */,
				60422CD92125E90A00D9292A /* TestTableViewCell.swift in Sources */,
			);
			runOnlyForDeploymentPostprocessing = 0;
		};
/* End PBXSourcesBuildPhase section */

/* Begin PBXTargetDependency section */
		CDB5A75D21250802001DB39B /* PBXTargetDependency */ = {
			isa = PBXTargetDependency;
			target = CDB5A7112122DD6A001DB39B /* RxSwiftExtensions */;
			targetProxy = CDB5A75C21250802001DB39B /* PBXContainerItemProxy */;
		};
/* End PBXTargetDependency section */

/* Begin XCBuildConfiguration section */
		CDB5A7182122DD6A001DB39B /* Debug */ = {
			isa = XCBuildConfiguration;
			buildSettings = {
				ALWAYS_SEARCH_USER_PATHS = NO;
				CLANG_ANALYZER_NONNULL = YES;
				CLANG_ANALYZER_NUMBER_OBJECT_CONVERSION = YES_AGGRESSIVE;
				CLANG_CXX_LANGUAGE_STANDARD = "gnu++14";
				CLANG_CXX_LIBRARY = "libc++";
				CLANG_ENABLE_MODULES = YES;
				CLANG_ENABLE_OBJC_ARC = YES;
				CLANG_ENABLE_OBJC_WEAK = YES;
				CLANG_WARN_BLOCK_CAPTURE_AUTORELEASING = YES;
				CLANG_WARN_BOOL_CONVERSION = YES;
				CLANG_WARN_COMMA = YES;
				CLANG_WARN_CONSTANT_CONVERSION = YES;
				CLANG_WARN_DEPRECATED_OBJC_IMPLEMENTATIONS = YES;
				CLANG_WARN_DIRECT_OBJC_ISA_USAGE = YES_ERROR;
				CLANG_WARN_DOCUMENTATION_COMMENTS = YES;
				CLANG_WARN_EMPTY_BODY = YES;
				CLANG_WARN_ENUM_CONVERSION = YES;
				CLANG_WARN_INFINITE_RECURSION = YES;
				CLANG_WARN_INT_CONVERSION = YES;
				CLANG_WARN_NON_LITERAL_NULL_CONVERSION = YES;
				CLANG_WARN_OBJC_IMPLICIT_RETAIN_SELF = YES;
				CLANG_WARN_OBJC_LITERAL_CONVERSION = YES;
				CLANG_WARN_OBJC_ROOT_CLASS = YES_ERROR;
				CLANG_WARN_RANGE_LOOP_ANALYSIS = YES;
				CLANG_WARN_STRICT_PROTOTYPES = YES;
				CLANG_WARN_SUSPICIOUS_MOVE = YES;
				CLANG_WARN_UNGUARDED_AVAILABILITY = YES_AGGRESSIVE;
				CLANG_WARN_UNREACHABLE_CODE = YES;
				CLANG_WARN__DUPLICATE_METHOD_MATCH = YES;
				CODE_SIGN_IDENTITY = "iPhone Developer";
				COPY_PHASE_STRIP = NO;
				CURRENT_PROJECT_VERSION = 1;
				DEBUG_INFORMATION_FORMAT = dwarf;
				ENABLE_BITCODE = YES;
				ENABLE_STRICT_OBJC_MSGSEND = YES;
				ENABLE_TESTABILITY = YES;
				GCC_C_LANGUAGE_STANDARD = gnu11;
				GCC_DYNAMIC_NO_PIC = NO;
				GCC_NO_COMMON_BLOCKS = YES;
				GCC_OPTIMIZATION_LEVEL = 0;
				GCC_PREPROCESSOR_DEFINITIONS = (
					"DEBUG=1",
					"$(inherited)",
				);
				GCC_WARN_64_TO_32_BIT_CONVERSION = YES;
				GCC_WARN_ABOUT_RETURN_TYPE = YES_ERROR;
				GCC_WARN_UNDECLARED_SELECTOR = YES;
				GCC_WARN_UNINITIALIZED_AUTOS = YES_AGGRESSIVE;
				GCC_WARN_UNUSED_FUNCTION = YES;
				GCC_WARN_UNUSED_VARIABLE = YES;
				IPHONEOS_DEPLOYMENT_TARGET = 8.0;
				MTL_ENABLE_DEBUG_INFO = YES;
				ONLY_ACTIVE_ARCH = YES;
				SDKROOT = iphoneos;
				SWIFT_ACTIVE_COMPILATION_CONDITIONS = DEBUG;
				SWIFT_OPTIMIZATION_LEVEL = "-Onone";
				VERSIONING_SYSTEM = "apple-generic";
				VERSION_INFO_PREFIX = "";
			};
			name = Debug;
		};
		CDB5A7192122DD6A001DB39B /* Release */ = {
			isa = XCBuildConfiguration;
			buildSettings = {
				ALWAYS_SEARCH_USER_PATHS = NO;
				CLANG_ANALYZER_NONNULL = YES;
				CLANG_ANALYZER_NUMBER_OBJECT_CONVERSION = YES_AGGRESSIVE;
				CLANG_CXX_LANGUAGE_STANDARD = "gnu++14";
				CLANG_CXX_LIBRARY = "libc++";
				CLANG_ENABLE_MODULES = YES;
				CLANG_ENABLE_OBJC_ARC = YES;
				CLANG_ENABLE_OBJC_WEAK = YES;
				CLANG_WARN_BLOCK_CAPTURE_AUTORELEASING = YES;
				CLANG_WARN_BOOL_CONVERSION = YES;
				CLANG_WARN_COMMA = YES;
				CLANG_WARN_CONSTANT_CONVERSION = YES;
				CLANG_WARN_DEPRECATED_OBJC_IMPLEMENTATIONS = YES;
				CLANG_WARN_DIRECT_OBJC_ISA_USAGE = YES_ERROR;
				CLANG_WARN_DOCUMENTATION_COMMENTS = YES;
				CLANG_WARN_EMPTY_BODY = YES;
				CLANG_WARN_ENUM_CONVERSION = YES;
				CLANG_WARN_INFINITE_RECURSION = YES;
				CLANG_WARN_INT_CONVERSION = YES;
				CLANG_WARN_NON_LITERAL_NULL_CONVERSION = YES;
				CLANG_WARN_OBJC_IMPLICIT_RETAIN_SELF = YES;
				CLANG_WARN_OBJC_LITERAL_CONVERSION = YES;
				CLANG_WARN_OBJC_ROOT_CLASS = YES_ERROR;
				CLANG_WARN_RANGE_LOOP_ANALYSIS = YES;
				CLANG_WARN_STRICT_PROTOTYPES = YES;
				CLANG_WARN_SUSPICIOUS_MOVE = YES;
				CLANG_WARN_UNGUARDED_AVAILABILITY = YES_AGGRESSIVE;
				CLANG_WARN_UNREACHABLE_CODE = YES;
				CLANG_WARN__DUPLICATE_METHOD_MATCH = YES;
				CODE_SIGN_IDENTITY = "iPhone Developer";
				COPY_PHASE_STRIP = NO;
				CURRENT_PROJECT_VERSION = 1;
				DEBUG_INFORMATION_FORMAT = "dwarf-with-dsym";
				ENABLE_BITCODE = YES;
				ENABLE_NS_ASSERTIONS = NO;
				ENABLE_STRICT_OBJC_MSGSEND = YES;
				GCC_C_LANGUAGE_STANDARD = gnu11;
				GCC_NO_COMMON_BLOCKS = YES;
				GCC_WARN_64_TO_32_BIT_CONVERSION = YES;
				GCC_WARN_ABOUT_RETURN_TYPE = YES_ERROR;
				GCC_WARN_UNDECLARED_SELECTOR = YES;
				GCC_WARN_UNINITIALIZED_AUTOS = YES_AGGRESSIVE;
				GCC_WARN_UNUSED_FUNCTION = YES;
				GCC_WARN_UNUSED_VARIABLE = YES;
				IPHONEOS_DEPLOYMENT_TARGET = 8.0;
				MTL_ENABLE_DEBUG_INFO = NO;
				SDKROOT = iphoneos;
				SWIFT_COMPILATION_MODE = wholemodule;
				SWIFT_OPTIMIZATION_LEVEL = "-O";
				VALIDATE_PRODUCT = YES;
				VERSIONING_SYSTEM = "apple-generic";
				VERSION_INFO_PREFIX = "";
			};
			name = Release;
		};
		CDB5A71B2122DD6A001DB39B /* Debug */ = {
			isa = XCBuildConfiguration;
			baseConfigurationReference = 574C6916EBC97E1CA06977B3 /* Pods-RxSwiftExtensions.debug.xcconfig */;
			buildSettings = {
				CODE_SIGN_IDENTITY = "";
				CODE_SIGN_STYLE = Automatic;
				DEFINES_MODULE = YES;
				DEVELOPMENT_TEAM = 46KGHHF73Q;
				DYLIB_COMPATIBILITY_VERSION = 1;
				DYLIB_CURRENT_VERSION = 1;
				DYLIB_INSTALL_NAME_BASE = "@rpath";
				INFOPLIST_FILE = RxSwiftExtensions/Info.plist;
				INSTALL_PATH = "$(LOCAL_LIBRARY_DIR)/Frameworks";
				LD_RUNPATH_SEARCH_PATHS = (
					"$(inherited)",
					"@executable_path/Frameworks",
					"@loader_path/Frameworks",
				);
				PRODUCT_BUNDLE_IDENTIFIER = com.tokijh.RxSwiftExtensions;
				PRODUCT_NAME = "$(TARGET_NAME:c99extidentifier)";
				SKIP_INSTALL = YES;
				SWIFT_VERSION = 4.2;
				TARGETED_DEVICE_FAMILY = "1,2";
			};
			name = Debug;
		};
		CDB5A71C2122DD6A001DB39B /* Release */ = {
			isa = XCBuildConfiguration;
			baseConfigurationReference = 52DEE5AAECDF48D200F246BA /* Pods-RxSwiftExtensions.release.xcconfig */;
			buildSettings = {
				CODE_SIGN_IDENTITY = "";
				CODE_SIGN_STYLE = Automatic;
				DEFINES_MODULE = YES;
				DEVELOPMENT_TEAM = 46KGHHF73Q;
				DYLIB_COMPATIBILITY_VERSION = 1;
				DYLIB_CURRENT_VERSION = 1;
				DYLIB_INSTALL_NAME_BASE = "@rpath";
				INFOPLIST_FILE = RxSwiftExtensions/Info.plist;
				INSTALL_PATH = "$(LOCAL_LIBRARY_DIR)/Frameworks";
				LD_RUNPATH_SEARCH_PATHS = (
					"$(inherited)",
					"@executable_path/Frameworks",
					"@loader_path/Frameworks",
				);
				PRODUCT_BUNDLE_IDENTIFIER = com.tokijh.RxSwiftExtensions;
				PRODUCT_NAME = "$(TARGET_NAME:c99extidentifier)";
				SKIP_INSTALL = YES;
				SWIFT_VERSION = 4.2;
				TARGETED_DEVICE_FAMILY = "1,2";
			};
			name = Release;
		};
		CDB5A75F21250802001DB39B /* Debug */ = {
			isa = XCBuildConfiguration;
			baseConfigurationReference = 6BBDFAADCB6425CA9D8DE8E4 /* Pods-RxSwiftExtensionsTests.debug.xcconfig */;
			buildSettings = {
				CODE_SIGN_STYLE = Automatic;
				DEVELOPMENT_TEAM = 46KGHHF73Q;
				INFOPLIST_FILE = RxSwiftExtensionsTests/Info.plist;
				LD_RUNPATH_SEARCH_PATHS = (
					"$(inherited)",
					"@executable_path/Frameworks",
					"@loader_path/Frameworks",
				);
				PRODUCT_BUNDLE_IDENTIFIER = com.tokijh.RxSwiftExtensionsTests;
				PRODUCT_NAME = "$(TARGET_NAME)";
				SWIFT_VERSION = 4.2;
				TARGETED_DEVICE_FAMILY = "1,2";
			};
			name = Debug;
		};
		CDB5A76021250802001DB39B /* Release */ = {
			isa = XCBuildConfiguration;
			baseConfigurationReference = 82655B6AA28302F2F360DCF9 /* Pods-RxSwiftExtensionsTests.release.xcconfig */;
			buildSettings = {
				CODE_SIGN_STYLE = Automatic;
				DEVELOPMENT_TEAM = 46KGHHF73Q;
				INFOPLIST_FILE = RxSwiftExtensionsTests/Info.plist;
				LD_RUNPATH_SEARCH_PATHS = (
					"$(inherited)",
					"@executable_path/Frameworks",
					"@loader_path/Frameworks",
				);
				PRODUCT_BUNDLE_IDENTIFIER = com.tokijh.RxSwiftExtensionsTests;
				PRODUCT_NAME = "$(TARGET_NAME)";
				SWIFT_VERSION = 4.2;
				TARGETED_DEVICE_FAMILY = "1,2";
			};
			name = Release;
		};
/* End XCBuildConfiguration section */

/* Begin XCConfigurationList section */
		CDB5A70C2122DD6A001DB39B /* Build configuration list for PBXProject "RxSwiftExtensions" */ = {
			isa = XCConfigurationList;
			buildConfigurations = (
				CDB5A7182122DD6A001DB39B /* Debug */,
				CDB5A7192122DD6A001DB39B /* Release */,
			);
			defaultConfigurationIsVisible = 0;
			defaultConfigurationName = Release;
		};
		CDB5A71A2122DD6A001DB39B /* Build configuration list for PBXNativeTarget "RxSwiftExtensions" */ = {
			isa = XCConfigurationList;
			buildConfigurations = (
				CDB5A71B2122DD6A001DB39B /* Debug */,
				CDB5A71C2122DD6A001DB39B /* Release */,
			);
			defaultConfigurationIsVisible = 0;
			defaultConfigurationName = Release;
		};
		CDB5A75E21250802001DB39B /* Build configuration list for PBXNativeTarget "RxSwiftExtensionsTests" */ = {
			isa = XCConfigurationList;
			buildConfigurations = (
				CDB5A75F21250802001DB39B /* Debug */,
				CDB5A76021250802001DB39B /* Release */,
			);
			defaultConfigurationIsVisible = 0;
			defaultConfigurationName = Release;
		};
/* End XCConfigurationList section */
	};
	rootObject = CDB5A7092122DD6A001DB39B /* Project object */;
}
